{
  "nodes": {
    "darwin": {
      "inputs": {
        "nixpkgs": [
          "nixpkgs-unstable"
        ]
      },
      "locked": {
        "lastModified": 1705943856,
        "narHash": "sha256-OzJ+ifs0qQ6q+1MUG6F7ce8Rl0FQKAIX++DFC+8vLyc=",
        "owner": "jonathanmorley",
        "repo": "nix-darwin",
        "rev": "1d8a518ac1795491d3806dbec6e40b192cb9eed1",
        "type": "github"
      },
      "original": {
        "owner": "jonathanmorley",
        "ref": "fix-cacerts-with-spaces",
        "repo": "nix-darwin",
        "type": "github"
      }
    },
    "flake-parts": {
      "inputs": {
        "nixpkgs-lib": "nixpkgs-lib"
      },
      "locked": {
        "lastModified": 1706830856,
        "narHash": "sha256-a0NYyp+h9hlb7ddVz4LUn1vT/PLwqfrWYcHMvFB1xYg=",
        "owner": "hercules-ci",
        "repo": "flake-parts",
        "rev": "b253292d9c0a5ead9bc98c4e9a26c6312e27d69f",
        "type": "github"
      },
      "original": {
        "owner": "hercules-ci",
        "repo": "flake-parts",
        "type": "github"
      }
    },
    "flake-utils": {
      "inputs": {
        "systems": "systems"
      },
      "locked": {
        "lastModified": 1689068808,
        "narHash": "sha256-6ixXo3wt24N/melDWjq70UuHQLxGV8jZvooRanIHXw0=",
        "owner": "numtide",
        "repo": "flake-utils",
        "rev": "919d646de7be200f3bf08cb76ae1f09402b6f9b4",
        "type": "github"
      },
      "original": {
        "owner": "numtide",
        "repo": "flake-utils",
        "type": "github"
      }
    },
    "home-manager": {
      "inputs": {
        "nixpkgs": [
          "nixpkgs-unstable"
        ]
      },
      "locked": {
        "lastModified": 1707172611,
        "narHash": "sha256-E+wy3u0zQcqYmXXVacQHNFml1blZIeY0aIx5qjfAdTU=",
        "owner": "nix-community",
        "repo": "home-manager",
        "rev": "7b4ea8d82fdeaa71ab942a8a8f6f8add8afdfad0",
        "type": "github"
      },
      "original": {
        "owner": "nix-community",
        "repo": "home-manager",
        "type": "github"
      }
    },
    "nixpkgs": {
      "locked": {
        "lastModified": 1707146535,
        "narHash": "sha256-kEOc+8lvFyGNUh0MzTw0dZ0lizdaYr/Mi7BHDJy0pBI=",
        "owner": "nixos",
        "repo": "nixpkgs",
        "rev": "fc819befe88a0b7737900164cdf8dff3298eb87a",
        "type": "github"
      },
      "original": {
        "owner": "nixos",
        "ref": "nixpkgs-23.11-darwin",
        "repo": "nixpkgs",
        "type": "github"
      }
    },
    "nixpkgs-lib": {
      "locked": {
        "dir": "lib",
        "lastModified": 1706550542,
        "narHash": "sha256-UcsnCG6wx++23yeER4Hg18CXWbgNpqNXcHIo5/1Y+hc=",
        "owner": "NixOS",
        "repo": "nixpkgs",
        "rev": "97b17f32362e475016f942bbdfda4a4a72a8a652",
        "type": "github"
      },
      "original": {
        "dir": "lib",
        "owner": "NixOS",
        "ref": "nixos-unstable",
        "repo": "nixpkgs",
        "type": "github"
      }
    },
    "nixpkgs-unstable": {
      "locked": {
        "lastModified": 1706925685,
        "narHash": "sha256-hVInjWMmgH4yZgA4ZtbgJM1qEAel72SYhP5nOWX4UIM=",
        "owner": "nixos",
        "repo": "nixpkgs",
        "rev": "79a13f1437e149dc7be2d1290c74d378dad60814",
        "type": "github"
      },
      "original": {
        "owner": "nixos",
        "ref": "nixpkgs-unstable",
        "repo": "nixpkgs",
        "type": "github"
      }
    },
    "nixpkgs_2": {
      "locked": {
        "lastModified": 1689631193,
        "narHash": "sha256-AGSkBZaiTODQc8eT1rZDrQIjtb8JtFwJ0wVPzArlrnM=",
        "owner": "NixOS",
        "repo": "nixpkgs",
        "rev": "57695599bdc4f7bfe5d28cfa23f14b3d8bdf8a5f",
        "type": "github"
      },
      "original": {
        "owner": "NixOS",
        "ref": "nixpkgs-unstable",
        "repo": "nixpkgs",
        "type": "github"
      }
    },
    "oktaws": {
      "inputs": {
        "flake-utils": "flake-utils",
        "nixpkgs": "nixpkgs_2"
      },
      "locked": {
        "lastModified": 1694787699,
        "narHash": "sha256-ggXTmwo0q179YztE2WiM7e6iVXZG+70tFlLmcRTcMVQ=",
        "owner": "jonathanmorley",
        "repo": "oktaws",
        "rev": "47f794c9faee18973ab3131fc2b0d47784b4b4cc",
        "type": "github"
      },
      "original": {
        "owner": "jonathanmorley",
        "repo": "oktaws",
        "type": "github"
      }
    },
    "root": {
      "inputs": {
        "darwin": "darwin",
        "flake-parts": "flake-parts",
        "home-manager": "home-manager",
        "nixpkgs": "nixpkgs",
        "nixpkgs-unstable": "nixpkgs-unstable",
        "oktaws": "oktaws"
      }
    },
    "systems": {
      "locked": {
        "lastModified": 1681028828,
        "narHash": "sha256-Vy1rq5AaRuLzOxct8nz4T6wlgyUR7zLU309k9mBC768=",
        "owner": "nix-systems",
        "repo": "default",
        "rev": "da67096a3b9bf56a91d16901293e51ba5b49a27e",
        "type": "github"
      },
      "original": {
        "owner": "nix-systems",
        "repo": "default",
        "type": "github"
      }
    }
  },
  "root": "root",
  "version": 7
}
