{
  "nodes": {
    "darwin": {
      "inputs": {
        "nixpkgs": [
          "nixpkgs-unstable"
        ]
      },
      "locked": {
        "lastModified": 1678471297,
        "narHash": "sha256-jg+JRpslCgrA4lZNlGzgo20w79TZMLy5+Qx+vHfnz3Y=",
        "owner": "jonathanmorley",
        "repo": "nix-darwin",
        "rev": "86b8ee43a3fff84a3fd3e19c042744a3915fffda",
        "type": "github"
      },
      "original": {
        "owner": "jonathanmorley",
        "ref": "fix-cacerts-with-spaces",
        "repo": "nix-darwin",
        "type": "github"
      }
    },
    "flake-utils": {
      "inputs": {
        "systems": "systems"
      },
      "locked": {
        "lastModified": 1689068808,
        "narHash": "sha256-6ixXo3wt24N/melDWjq70UuHQLxGV8jZvooRanIHXw0=",
        "owner": "numtide",
        "repo": "flake-utils",
        "rev": "919d646de7be200f3bf08cb76ae1f09402b6f9b4",
        "type": "github"
      },
      "original": {
        "owner": "numtide",
        "repo": "flake-utils",
        "type": "github"
      }
    },
    "home-manager": {
      "inputs": {
        "nixpkgs": [
          "nixpkgs-unstable"
        ]
      },
      "locked": {
        "lastModified": 1694643239,
        "narHash": "sha256-pv2k/5FvyirDE8g4TNehzwZ0T4UOMMmqWSQnM/luRtE=",
        "owner": "nix-community",
        "repo": "home-manager",
        "rev": "d9b88b43524db1591fb3d9410a21428198d75d49",
        "type": "github"
      },
      "original": {
        "owner": "nix-community",
        "repo": "home-manager",
        "type": "github"
      }
    },
    "nixpkgs": {
      "locked": {
        "lastModified": 1694618689,
        "narHash": "sha256-UQiOf8CTokDuyQgY6NpeXDL1fkeDHyNI5rfJ+wy9rg8=",
        "owner": "nixos",
        "repo": "nixpkgs",
        "rev": "e27ca312d56522b907b998c2ff99169bf12639f2",
        "type": "github"
      },
      "original": {
        "owner": "nixos",
        "ref": "nixpkgs-23.05-darwin",
        "repo": "nixpkgs",
        "type": "github"
      }
    },
    "nixpkgs-unstable": {
      "locked": {
        "lastModified": 1694593561,
        "narHash": "sha256-WSaIQZ5s9N9bDFkEMTw6P9eaZ9bv39ZhsiW12GtTNM0=",
        "owner": "nixos",
        "repo": "nixpkgs",
        "rev": "1697b7d480449b01111e352021f46e5879e47643",
        "type": "github"
      },
      "original": {
        "owner": "nixos",
        "ref": "nixpkgs-unstable",
        "repo": "nixpkgs",
        "type": "github"
      }
    },
    "nixpkgs_2": {
      "locked": {
        "lastModified": 1689631193,
        "narHash": "sha256-AGSkBZaiTODQc8eT1rZDrQIjtb8JtFwJ0wVPzArlrnM=",
        "owner": "NixOS",
        "repo": "nixpkgs",
        "rev": "57695599bdc4f7bfe5d28cfa23f14b3d8bdf8a5f",
        "type": "github"
      },
      "original": {
        "owner": "NixOS",
        "ref": "nixpkgs-unstable",
        "repo": "nixpkgs",
        "type": "github"
      }
    },
    "oktaws": {
      "inputs": {
        "flake-utils": "flake-utils",
        "nixpkgs": "nixpkgs_2"
      },
      "locked": {
        "lastModified": 1694787699,
        "narHash": "sha256-ggXTmwo0q179YztE2WiM7e6iVXZG+70tFlLmcRTcMVQ=",
        "owner": "jonathanmorley",
        "repo": "oktaws",
        "rev": "47f794c9faee18973ab3131fc2b0d47784b4b4cc",
        "type": "github"
      },
      "original": {
        "owner": "jonathanmorley",
        "repo": "oktaws",
        "type": "github"
      }
    },
    "root": {
      "inputs": {
        "darwin": "darwin",
        "home-manager": "home-manager",
        "nixpkgs": "nixpkgs",
        "nixpkgs-unstable": "nixpkgs-unstable",
        "oktaws": "oktaws"
      }
    },
    "systems": {
      "locked": {
        "lastModified": 1681028828,
        "narHash": "sha256-Vy1rq5AaRuLzOxct8nz4T6wlgyUR7zLU309k9mBC768=",
        "owner": "nix-systems",
        "repo": "default",
        "rev": "da67096a3b9bf56a91d16901293e51ba5b49a27e",
        "type": "github"
      },
      "original": {
        "owner": "nix-systems",
        "repo": "default",
        "type": "github"
      }
    }
  },
  "root": "root",
  "version": 7
}
